<Solution>
  <Folder Name="/src/">
    <Project Path="src/Agaval.Inventory.Api/Agaval.Inventory.Api.csproj" />
    <Project Path="src/Agaval.Inventory.Application/Agaval.Inventory.Application.csproj" />
    <Project Path="src/Agaval.Inventory.Domain/Agaval.Inventory.Domain.csproj" />
    <Project Path="src/Agaval.Inventory.Infrastructure/Agaval.Inventory.Infrastructure.csproj" />
  </Folder>
  <Folder Name="/tests/">
    <Project Path="tests/Agaval.Inventory.Application.UnitTests/Agaval.Inventory.Application.UnitTests.csproj" />
    <Project Path="tests/Agaval.Inventory.Domain.UnitTests/Agaval.Inventory.Domain.UnitTests.csproj" />
  </Folder>
</Solution>
